# This file is automatically @generated by Cargo.
# It is not intended for manual editing.
version = 3

[[package]]
name = "cc"
version = "1.0.83"
source = "registry+https://github.com/rust-lang/crates.io-index"
checksum = "f1174fb0b6ec23863f8b971027804a42614e347eafb0a95bf0b12cdae21fc4d0"
dependencies = [
 "libc",
]

[[package]]
name = "emscripten-functions"
version = "0.2.1"
source = "registry+https://github.com/rust-lang/crates.io-index"
checksum = "2621badb7d7b8200b7fc2e2c9f7ef496b7c20500efdfca6315a4d4055e735905"
dependencies = [
 "cc",
 "emscripten-functions-sys",
]

[[package]]
name = "emscripten-functions-sys"
version = "3.2.46"
source = "registry+https://github.com/rust-lang/crates.io-index"
checksum = "1a739b9038e990607f659d859bda9476dc80cc7d83b790c57f0fdd1b7d25dac8"

[[package]]
name = "libc"
version = "0.2.151"
source = "registry+https://github.com/rust-lang/crates.io-index"
checksum = "302d7ab3130588088d277783b1e2d2e10c9e9e4a16dd9050e6ec93fb3e7048f4"

[[package]]
name = "wasm_emscripten_fs_bug"
version = "0.1.0"
dependencies = [
 "emscripten-functions",
]
